
Microsoft Visual Studio Solution File, Format Version 12.00
# Visual Studio Version 17
VisualStudioVersion = 17.4.33205.214
MinimumVisualStudioVersion = 10.0.40219.1
Project("{FAE04EC0-301F-11D3-BF4B-00C04F79EFBC}") = "SalesOrderServices", "SalesOrderServices\SalesOrderServices.csproj", "{E4C1B670-9E46-4DD0-B116-A147CAC5C534}"
EndProject
Global
	GlobalSection(SolutionConfigurationPlatforms) = preSolution
		Debug|Any CPU = Debug|Any CPU
		Release|Any CPU = Release|Any CPU
	EndGlobalSection
	GlobalSection(ProjectConfigurationPlatforms) = postSolution
		{E4C1B670-9E46-4DD0-B116-A147CAC5C534}.Debug|Any CPU.ActiveCfg = Debug|Any CPU
		{E4C1B670-9E46-4DD0-B116-A147CAC5C534}.Debug|Any CPU.Build.0 = Debug|Any CPU
		{E4C1B670-9E46-4DD0-B116-A147CAC5C534}.Release|Any CPU.ActiveCfg = Release|Any CPU
		{E4C1B670-9E46-4DD0-B116-A147CAC5C534}.Release|Any CPU.Build.0 = Release|Any CPU
	EndGlobalSection
	GlobalSection(SolutionProperties) = preSolution
		HideSolutionNode = FALSE
	EndGlobalSection
	GlobalSection(ExtensibilityGlobals) = postSolution
		SolutionGuid = {4EA24C62-30D5-4E84-8C14-CA39B52C9630}
	EndGlobalSection
EndGlobal
